
Microsoft Visual Studio Solution File, Format Version 12.00
# Visual Studio 2017
Project("{FAE04EC0-301F-11D3-BF4B-00C04F79EFBC}") = "polication _ MainScreen", "polication _ MainScreen.csproj", "{0C528F97-2AC3-B959-0BD8-1FF736342B5C}"
EndProject
Project("{FAE04EC0-301F-11D3-BF4B-00C04F79EFBC}") = "polication _ MainScreen.Editor", "polication _ MainScreen.Editor.csproj", "{B5F24919-35CE-9ADF-FA1F-69DC2EC4A316}"
EndProject
Global
	GlobalSection(SolutionConfigurationPlatforms) = preSolution
		Debug|Any CPU = Debug|Any CPU
		Release|Any CPU = Release|Any CPU
	EndGlobalSection
	GlobalSection(ProjectConfigurationPlatforms) = postSolution
		{0C528F97-2AC3-B959-0BD8-1FF736342B5C}.Debug|Any CPU.ActiveCfg = Debug|Any CPU
		{0C528F97-2AC3-B959-0BD8-1FF736342B5C}.Debug|Any CPU.Build.0 = Debug|Any CPU
		{0C528F97-2AC3-B959-0BD8-1FF736342B5C}.Release|Any CPU.ActiveCfg = Release|Any CPU
		{0C528F97-2AC3-B959-0BD8-1FF736342B5C}.Release|Any CPU.Build.0 = Release|Any CPU
		{B5F24919-35CE-9ADF-FA1F-69DC2EC4A316}.Debug|Any CPU.ActiveCfg = Debug|Any CPU
		{B5F24919-35CE-9ADF-FA1F-69DC2EC4A316}.Debug|Any CPU.Build.0 = Debug|Any CPU
		{B5F24919-35CE-9ADF-FA1F-69DC2EC4A316}.Release|Any CPU.ActiveCfg = Release|Any CPU
		{B5F24919-35CE-9ADF-FA1F-69DC2EC4A316}.Release|Any CPU.Build.0 = Release|Any CPU
	EndGlobalSection
	GlobalSection(SolutionProperties) = preSolution
		HideSolutionNode = FALSE
	EndGlobalSection
EndGlobal
